
Microsoft Visual Studio Solution File, Format Version 12.00
# Visual Studio Version 17
VisualStudioVersion = 17.3.32922.545
MinimumVisualStudioVersion = 10.0.40219.1
Project("{9A19103F-16F7-4668-BE54-9A1E7A4F7556}") = "Hillel Calculator on Git", "Hillel Calculator on Git.csproj", "{09577E57-5ECF-42DF-91FA-F09D7ADDB911}"
EndProject
Project("{9A19103F-16F7-4668-BE54-9A1E7A4F7556}") = "Tests", "..\Tests\Tests.csproj", "{EC076B4E-C923-4937-B619-4CCD6D7EA1F4}"
EndProject
Global
	GlobalSection(SolutionConfigurationPlatforms) = preSolution
		Debug|Any CPU = Debug|Any CPU
		Release|Any CPU = Release|Any CPU
	EndGlobalSection
	GlobalSection(ProjectConfigurationPlatforms) = postSolution
		{09577E57-5ECF-42DF-91FA-F09D7ADDB911}.Debug|Any CPU.ActiveCfg = Debug|Any CPU
		{09577E57-5ECF-42DF-91FA-F09D7ADDB911}.Debug|Any CPU.Build.0 = Debug|Any CPU
		{09577E57-5ECF-42DF-91FA-F09D7ADDB911}.Release|Any CPU.ActiveCfg = Release|Any CPU
		{09577E57-5ECF-42DF-91FA-F09D7ADDB911}.Release|Any CPU.Build.0 = Release|Any CPU
		{EC076B4E-C923-4937-B619-4CCD6D7EA1F4}.Debug|Any CPU.ActiveCfg = Debug|Any CPU
		{EC076B4E-C923-4937-B619-4CCD6D7EA1F4}.Debug|Any CPU.Build.0 = Debug|Any CPU
		{EC076B4E-C923-4937-B619-4CCD6D7EA1F4}.Release|Any CPU.ActiveCfg = Release|Any CPU
		{EC076B4E-C923-4937-B619-4CCD6D7EA1F4}.Release|Any CPU.Build.0 = Release|Any CPU
	EndGlobalSection
	GlobalSection(SolutionProperties) = preSolution
		HideSolutionNode = FALSE
	EndGlobalSection
	GlobalSection(ExtensibilityGlobals) = postSolution
		SolutionGuid = {DC52E178-C3A9-4C2D-8CA9-A48E84CA0428}
	EndGlobalSection
EndGlobal
